// !$*UTF8*$!
{
	archiveVersion = 1;
	classes = {
	};
	objectVersion = 56;
	objects = {

/* Begin PBXBuildFile section */
		4F7BFCC929D1860300AB1000 /* AppDelegate.swift in Sources */ = {isa = PBXBuildFile; fileRef = 4F7BFCC829D1860300AB1000 /* AppDelegate.swift */; };
		4F7BFCCB29D1860300AB1000 /* SceneDelegate.swift in Sources */ = {isa = PBXBuildFile; fileRef = 4F7BFCCA29D1860300AB1000 /* SceneDelegate.swift */; };
		4F7BFCD229D1860600AB1000 /* Assets.xcassets in Resources */ = {isa = PBXBuildFile; fileRef = 4F7BFCD129D1860600AB1000 /* Assets.xcassets */; };
		4F7BFCD529D1860600AB1000 /* LaunchScreen.storyboard in Resources */ = {isa = PBXBuildFile; fileRef = 4F7BFCD329D1860600AB1000 /* LaunchScreen.storyboard */; };
		4F7BFCDF29D414F600AB1000 /* Size.swift in Sources */ = {isa = PBXBuildFile; fileRef = 4F7BFCDE29D414F600AB1000 /* Size.swift */; };
		4F7BFCE129D4150500AB1000 /* Position.swift in Sources */ = {isa = PBXBuildFile; fileRef = 4F7BFCE029D4150500AB1000 /* Position.swift */; };
		4F7BFCE329D4151D00AB1000 /* Color.swift in Sources */ = {isa = PBXBuildFile; fileRef = 4F7BFCE229D4151D00AB1000 /* Color.swift */; };
		4F7BFCE529D4152E00AB1000 /* Alpha.swift in Sources */ = {isa = PBXBuildFile; fileRef = 4F7BFCE429D4152E00AB1000 /* Alpha.swift */; };
		4F7BFCE729D4154700AB1000 /* Identifier.swift in Sources */ = {isa = PBXBuildFile; fileRef = 4F7BFCE629D4154700AB1000 /* Identifier.swift */; };
		4F7BFCEA29D4156200AB1000 /* ViewRepresentable.swift in Sources */ = {isa = PBXBuildFile; fileRef = 4F7BFCE929D4156200AB1000 /* ViewRepresentable.swift */; };
		4F7BFCEC29D4158B00AB1000 /* Frame.swift in Sources */ = {isa = PBXBuildFile; fileRef = 4F7BFCEB29D4158B00AB1000 /* Frame.swift */; };
		4F7BFCEE29D415A500AB1000 /* Rectangle.swift in Sources */ = {isa = PBXBuildFile; fileRef = 4F7BFCED29D415A500AB1000 /* Rectangle.swift */; };
		4F7BFCF029D415C200AB1000 /* ViewIngridientFactory.swift in Sources */ = {isa = PBXBuildFile; fileRef = 4F7BFCEF29D415C200AB1000 /* ViewIngridientFactory.swift */; };
		4F7BFCF229D4160400AB1000 /* ViewRepresentableFactory.swift in Sources */ = {isa = PBXBuildFile; fileRef = 4F7BFCF129D4160400AB1000 /* ViewRepresentableFactory.swift */; };
		4F7BFCF429D4164A00AB1000 /* RandomViewIngridientFactory.swift in Sources */ = {isa = PBXBuildFile; fileRef = 4F7BFCF329D4164A00AB1000 /* RandomViewIngridientFactory.swift */; };
		4F7BFCF729D4167E00AB1000 /* RectangleFactory.swift in Sources */ = {isa = PBXBuildFile; fileRef = 4F7BFCF629D4167E00AB1000 /* RectangleFactory.swift */; };
		4F7BFCFD29D4172200AB1000 /* ViewController.swift in Sources */ = {isa = PBXBuildFile; fileRef = 4F7BFCFC29D4172200AB1000 /* ViewController.swift */; };
		4F7BFCFF29D448C800AB1000 /* IdentifierFactory.swift in Sources */ = {isa = PBXBuildFile; fileRef = 4F7BFCFE29D448C800AB1000 /* IdentifierFactory.swift */; };
		4F7BFD0129D4497000AB1000 /* RandomIdentifierFactory.swift in Sources */ = {isa = PBXBuildFile; fileRef = 4F7BFD0029D4497000AB1000 /* RandomIdentifierFactory.swift */; };
		4F7BFD0429D4578C00AB1000 /* Loggable.swift in Sources */ = {isa = PBXBuildFile; fileRef = 4F7BFD0329D4578C00AB1000 /* Loggable.swift */; };
		4F7BFD0729D457CE00AB1000 /* SystemLogger.swift in Sources */ = {isa = PBXBuildFile; fileRef = 4F7BFD0629D457CE00AB1000 /* SystemLogger.swift */; };
		4FDF359129DE69B600F42C85 /* ViewContainable.swift in Sources */ = {isa = PBXBuildFile; fileRef = 4FDF359029DE69B600F42C85 /* ViewContainable.swift */; };
		4FDF359329DE6BC800F42C85 /* Countable.swift in Sources */ = {isa = PBXBuildFile; fileRef = 4FDF359229DE6BC800F42C85 /* Countable.swift */; };
		4FDF359529DE6C7100F42C85 /* RandomAccessible.swift in Sources */ = {isa = PBXBuildFile; fileRef = 4FDF359429DE6C7100F42C85 /* RandomAccessible.swift */; };
/* End PBXBuildFile section */

/* Begin PBXFileReference section */
		4F7BFCC529D1860300AB1000 /* DrawingApp.app */ = {isa = PBXFileReference; explicitFileType = wrapper.application; includeInIndex = 0; path = DrawingApp.app; sourceTree = BUILT_PRODUCTS_DIR; };
		4F7BFCC829D1860300AB1000 /* AppDelegate.swift */ = {isa = PBXFileReference; lastKnownFileType = sourcecode.swift; path = AppDelegate.swift; sourceTree = "<group>"; };
		4F7BFCCA29D1860300AB1000 /* SceneDelegate.swift */ = {isa = PBXFileReference; lastKnownFileType = sourcecode.swift; path = SceneDelegate.swift; sourceTree = "<group>"; };
		4F7BFCD129D1860600AB1000 /* Assets.xcassets */ = {isa = PBXFileReference; lastKnownFileType = folder.assetcatalog; path = Assets.xcassets; sourceTree = "<group>"; };
		4F7BFCD429D1860600AB1000 /* Base */ = {isa = PBXFileReference; lastKnownFileType = file.storyboard; name = Base; path = Base.lproj/LaunchScreen.storyboard; sourceTree = "<group>"; };
		4F7BFCD629D1860600AB1000 /* Info.plist */ = {isa = PBXFileReference; lastKnownFileType = text.plist.xml; path = Info.plist; sourceTree = "<group>"; };
		4F7BFCDE29D414F600AB1000 /* Size.swift */ = {isa = PBXFileReference; lastKnownFileType = sourcecode.swift; path = Size.swift; sourceTree = "<group>"; };
		4F7BFCE029D4150500AB1000 /* Position.swift */ = {isa = PBXFileReference; lastKnownFileType = sourcecode.swift; path = Position.swift; sourceTree = "<group>"; };
		4F7BFCE229D4151D00AB1000 /* Color.swift */ = {isa = PBXFileReference; lastKnownFileType = sourcecode.swift; path = Color.swift; sourceTree = "<group>"; };
		4F7BFCE429D4152E00AB1000 /* Alpha.swift */ = {isa = PBXFileReference; lastKnownFileType = sourcecode.swift; path = Alpha.swift; sourceTree = "<group>"; };
		4F7BFCE629D4154700AB1000 /* Identifier.swift */ = {isa = PBXFileReference; lastKnownFileType = sourcecode.swift; path = Identifier.swift; sourceTree = "<group>"; };
		4F7BFCE929D4156200AB1000 /* ViewRepresentable.swift */ = {isa = PBXFileReference; lastKnownFileType = sourcecode.swift; path = ViewRepresentable.swift; sourceTree = "<group>"; };
		4F7BFCEB29D4158B00AB1000 /* Frame.swift */ = {isa = PBXFileReference; lastKnownFileType = sourcecode.swift; path = Frame.swift; sourceTree = "<group>"; };
		4F7BFCED29D415A500AB1000 /* Rectangle.swift */ = {isa = PBXFileReference; lastKnownFileType = sourcecode.swift; path = Rectangle.swift; sourceTree = "<group>"; };
		4F7BFCEF29D415C200AB1000 /* ViewIngridientFactory.swift */ = {isa = PBXFileReference; lastKnownFileType = sourcecode.swift; path = ViewIngridientFactory.swift; sourceTree = "<group>"; };
		4F7BFCF129D4160400AB1000 /* ViewRepresentableFactory.swift */ = {isa = PBXFileReference; lastKnownFileType = sourcecode.swift; path = ViewRepresentableFactory.swift; sourceTree = "<group>"; };
		4F7BFCF329D4164A00AB1000 /* RandomViewIngridientFactory.swift */ = {isa = PBXFileReference; lastKnownFileType = sourcecode.swift; path = RandomViewIngridientFactory.swift; sourceTree = "<group>"; };
		4F7BFCF629D4167E00AB1000 /* RectangleFactory.swift */ = {isa = PBXFileReference; lastKnownFileType = sourcecode.swift; path = RectangleFactory.swift; sourceTree = "<group>"; };
		4F7BFCFC29D4172200AB1000 /* ViewController.swift */ = {isa = PBXFileReference; lastKnownFileType = sourcecode.swift; path = ViewController.swift; sourceTree = "<group>"; };
		4F7BFCFE29D448C800AB1000 /* IdentifierFactory.swift */ = {isa = PBXFileReference; lastKnownFileType = sourcecode.swift; path = IdentifierFactory.swift; sourceTree = "<group>"; };
		4F7BFD0029D4497000AB1000 /* RandomIdentifierFactory.swift */ = {isa = PBXFileReference; lastKnownFileType = sourcecode.swift; path = RandomIdentifierFactory.swift; sourceTree = "<group>"; };
		4F7BFD0329D4578C00AB1000 /* Loggable.swift */ = {isa = PBXFileReference; lastKnownFileType = sourcecode.swift; path = Loggable.swift; sourceTree = "<group>"; };
		4F7BFD0629D457CE00AB1000 /* SystemLogger.swift */ = {isa = PBXFileReference; lastKnownFileType = sourcecode.swift; path = SystemLogger.swift; sourceTree = "<group>"; };
		4FDF359029DE69B600F42C85 /* ViewContainable.swift */ = {isa = PBXFileReference; lastKnownFileType = sourcecode.swift; path = ViewContainable.swift; sourceTree = "<group>"; };
		4FDF359229DE6BC800F42C85 /* Countable.swift */ = {isa = PBXFileReference; lastKnownFileType = sourcecode.swift; path = Countable.swift; sourceTree = "<group>"; };
		4FDF359429DE6C7100F42C85 /* RandomAccessible.swift */ = {isa = PBXFileReference; lastKnownFileType = sourcecode.swift; path = RandomAccessible.swift; sourceTree = "<group>"; };
/* End PBXFileReference section */

/* Begin PBXFrameworksBuildPhase section */
		4F7BFCC229D1860300AB1000 /* Frameworks */ = {
			isa = PBXFrameworksBuildPhase;
			buildActionMask = 2147483647;
			files = (
			);
			runOnlyForDeploymentPostprocessing = 0;
		};
/* End PBXFrameworksBuildPhase section */

/* Begin PBXGroup section */
		4F7BFCBC29D1860300AB1000 = {
			isa = PBXGroup;
			children = (
				4F7BFCC729D1860300AB1000 /* DrawingApp */,
				4F7BFCC629D1860300AB1000 /* Products */,
			);
			sourceTree = "<group>";
		};
		4F7BFCC629D1860300AB1000 /* Products */ = {
			isa = PBXGroup;
			children = (
				4F7BFCC529D1860300AB1000 /* DrawingApp.app */,
			);
			name = Products;
			sourceTree = "<group>";
		};
		4F7BFCC729D1860300AB1000 /* DrawingApp */ = {
			isa = PBXGroup;
			children = (
				4F7BFD0229D4578100AB1000 /* Util */,
				4F7BFCFB29D416FB00AB1000 /* ViewController */,
				4F7BFCDC29D18B4C00AB1000 /* Model */,
				4F7BFCC829D1860300AB1000 /* AppDelegate.swift */,
				4F7BFCCA29D1860300AB1000 /* SceneDelegate.swift */,
				4F7BFCD129D1860600AB1000 /* Assets.xcassets */,
				4F7BFCD329D1860600AB1000 /* LaunchScreen.storyboard */,
				4F7BFCD629D1860600AB1000 /* Info.plist */,
			);
			path = DrawingApp;
			sourceTree = "<group>";
		};
		4F7BFCDC29D18B4C00AB1000 /* Model */ = {
			isa = PBXGroup;
			children = (
				4F7BFCF529D4165200AB1000 /* Factory */,
				4F7BFCE829D4155500AB1000 /* Protocol */,
				4F7BFCDD29D414DA00AB1000 /* ValueObject */,
				4F7BFCED29D415A500AB1000 /* Rectangle.swift */,
			);
			path = Model;
			sourceTree = "<group>";
		};
		4F7BFCDD29D414DA00AB1000 /* ValueObject */ = {
			isa = PBXGroup;
			children = (
				4F7BFCDE29D414F600AB1000 /* Size.swift */,
				4F7BFCE029D4150500AB1000 /* Position.swift */,
				4F7BFCE229D4151D00AB1000 /* Color.swift */,
				4F7BFCE429D4152E00AB1000 /* Alpha.swift */,
				4F7BFCE629D4154700AB1000 /* Identifier.swift */,
				4F7BFCEB29D4158B00AB1000 /* Frame.swift */,
			);
			path = ValueObject;
			sourceTree = "<group>";
		};
		4F7BFCE829D4155500AB1000 /* Protocol */ = {
			isa = PBXGroup;
			children = (
				4F7BFCE929D4156200AB1000 /* ViewRepresentable.swift */,
				4F7BFCEF29D415C200AB1000 /* ViewIngridientFactory.swift */,
				4F7BFCF129D4160400AB1000 /* ViewRepresentableFactory.swift */,
				4F7BFCFE29D448C800AB1000 /* IdentifierFactory.swift */,
				4FDF359029DE69B600F42C85 /* ViewContainable.swift */,
				4FDF359229DE6BC800F42C85 /* Countable.swift */,
				4FDF359429DE6C7100F42C85 /* RandomAccessible.swift */,
			);
			path = Protocol;
			sourceTree = "<group>";
		};
		4F7BFCF529D4165200AB1000 /* Factory */ = {
			isa = PBXGroup;
			children = (
				4F7BFCF329D4164A00AB1000 /* RandomViewIngridientFactory.swift */,
				4F7BFCF629D4167E00AB1000 /* RectangleFactory.swift */,
				4F7BFD0029D4497000AB1000 /* RandomIdentifierFactory.swift */,
			);
			path = Factory;
			sourceTree = "<group>";
		};
		4F7BFCFB29D416FB00AB1000 /* ViewController */ = {
			isa = PBXGroup;
			children = (
				4F7BFCFC29D4172200AB1000 /* ViewController.swift */,
			);
			path = ViewController;
			sourceTree = "<group>";
		};
		4F7BFD0229D4578100AB1000 /* Util */ = {
			isa = PBXGroup;
			children = (
				4F7BFD0529D4579300AB1000 /* Protocol */,
				4F7BFD0629D457CE00AB1000 /* SystemLogger.swift */,
			);
			path = Util;
			sourceTree = "<group>";
		};
		4F7BFD0529D4579300AB1000 /* Protocol */ = {
			isa = PBXGroup;
			children = (
				4F7BFD0329D4578C00AB1000 /* Loggable.swift */,
			);
			path = Protocol;
			sourceTree = "<group>";
		};
/* End PBXGroup section */

/* Begin PBXNativeTarget section */
		4F7BFCC429D1860300AB1000 /* DrawingApp */ = {
			isa = PBXNativeTarget;
			buildConfigurationList = 4F7BFCD929D1860600AB1000 /* Build configuration list for PBXNativeTarget "DrawingApp" */;
			buildPhases = (
				4F7BFCC129D1860300AB1000 /* Sources */,
				4F7BFCC229D1860300AB1000 /* Frameworks */,
				4F7BFCC329D1860300AB1000 /* Resources */,
			);
			buildRules = (
			);
			dependencies = (
			);
			name = DrawingApp;
			productName = DrawingApp;
			productReference = 4F7BFCC529D1860300AB1000 /* DrawingApp.app */;
			productType = "com.apple.product-type.application";
		};
/* End PBXNativeTarget section */

/* Begin PBXProject section */
		4F7BFCBD29D1860300AB1000 /* Project object */ = {
			isa = PBXProject;
			attributes = {
				BuildIndependentTargetsInParallel = 1;
				LastSwiftUpdateCheck = 1420;
				LastUpgradeCheck = 1420;
				TargetAttributes = {
					4F7BFCC429D1860300AB1000 = {
						CreatedOnToolsVersion = 14.2;
					};
				};
			};
			buildConfigurationList = 4F7BFCC029D1860300AB1000 /* Build configuration list for PBXProject "DrawingApp" */;
			compatibilityVersion = "Xcode 14.0";
			developmentRegion = en;
			hasScannedForEncodings = 0;
			knownRegions = (
				en,
				Base,
			);
			mainGroup = 4F7BFCBC29D1860300AB1000;
			productRefGroup = 4F7BFCC629D1860300AB1000 /* Products */;
			projectDirPath = "";
			projectRoot = "";
			targets = (
				4F7BFCC429D1860300AB1000 /* DrawingApp */,
			);
		};
/* End PBXProject section */

/* Begin PBXResourcesBuildPhase section */
		4F7BFCC329D1860300AB1000 /* Resources */ = {
			isa = PBXResourcesBuildPhase;
			buildActionMask = 2147483647;
			files = (
				4F7BFCD529D1860600AB1000 /* LaunchScreen.storyboard in Resources */,
				4F7BFCD229D1860600AB1000 /* Assets.xcassets in Resources */,
			);
			runOnlyForDeploymentPostprocessing = 0;
		};
/* End PBXResourcesBuildPhase section */

/* Begin PBXSourcesBuildPhase section */
		4F7BFCC129D1860300AB1000 /* Sources */ = {
			isa = PBXSourcesBuildPhase;
			buildActionMask = 2147483647;
			files = (
				4F7BFCF229D4160400AB1000 /* ViewRepresentableFactory.swift in Sources */,
				4F7BFCF429D4164A00AB1000 /* RandomViewIngridientFactory.swift in Sources */,
				4F7BFCEC29D4158B00AB1000 /* Frame.swift in Sources */,
				4F7BFCFF29D448C800AB1000 /* IdentifierFactory.swift in Sources */,
				4F7BFD0129D4497000AB1000 /* RandomIdentifierFactory.swift in Sources */,
				4F7BFCC929D1860300AB1000 /* AppDelegate.swift in Sources */,
				4F7BFCEA29D4156200AB1000 /* ViewRepresentable.swift in Sources */,
				4F7BFCDF29D414F600AB1000 /* Size.swift in Sources */,
				4FDF359129DE69B600F42C85 /* ViewContainable.swift in Sources */,
				4F7BFCE529D4152E00AB1000 /* Alpha.swift in Sources */,
				4FDF359529DE6C7100F42C85 /* RandomAccessible.swift in Sources */,
				4F7BFD0429D4578C00AB1000 /* Loggable.swift in Sources */,
				4F7BFCF029D415C200AB1000 /* ViewIngridientFactory.swift in Sources */,
				4F7BFCEE29D415A500AB1000 /* Rectangle.swift in Sources */,
				4F7BFCE729D4154700AB1000 /* Identifier.swift in Sources */,
				4FDF359329DE6BC800F42C85 /* Countable.swift in Sources */,
				4F7BFCE129D4150500AB1000 /* Position.swift in Sources */,
				4F7BFD0729D457CE00AB1000 /* SystemLogger.swift in Sources */,
				4F7BFCE329D4151D00AB1000 /* Color.swift in Sources */,
				4F7BFCF729D4167E00AB1000 /* RectangleFactory.swift in Sources */,
				4F7BFCFD29D4172200AB1000 /* ViewController.swift in Sources */,
				4F7BFCCB29D1860300AB1000 /* SceneDelegate.swift in Sources */,
			);
			runOnlyForDeploymentPostprocessing = 0;
		};
/* End PBXSourcesBuildPhase section */

/* Begin PBXVariantGroup section */
		4F7BFCD329D1860600AB1000 /* LaunchScreen.storyboard */ = {
			isa = PBXVariantGroup;
			children = (
				4F7BFCD429D1860600AB1000 /* Base */,
			);
			name = LaunchScreen.storyboard;
			sourceTree = "<group>";
		};
/* End PBXVariantGroup section */

/* Begin XCBuildConfiguration section */
		4F7BFCD729D1860600AB1000 /* Debug */ = {
			isa = XCBuildConfiguration;
			buildSettings = {
				ALWAYS_SEARCH_USER_PATHS = NO;
				CLANG_ANALYZER_NONNULL = YES;
				CLANG_ANALYZER_NUMBER_OBJECT_CONVERSION = YES_AGGRESSIVE;
				CLANG_CXX_LANGUAGE_STANDARD = "gnu++20";
				CLANG_ENABLE_MODULES = YES;
				CLANG_ENABLE_OBJC_ARC = YES;
				CLANG_ENABLE_OBJC_WEAK = YES;
				CLANG_WARN_BLOCK_CAPTURE_AUTORELEASING = YES;
				CLANG_WARN_BOOL_CONVERSION = YES;
				CLANG_WARN_COMMA = YES;
				CLANG_WARN_CONSTANT_CONVERSION = YES;
				CLANG_WARN_DEPRECATED_OBJC_IMPLEMENTATIONS = YES;
				CLANG_WARN_DIRECT_OBJC_ISA_USAGE = YES_ERROR;
				CLANG_WARN_DOCUMENTATION_COMMENTS = YES;
				CLANG_WARN_EMPTY_BODY = YES;
				CLANG_WARN_ENUM_CONVERSION = YES;
				CLANG_WARN_INFINITE_RECURSION = YES;
				CLANG_WARN_INT_CONVERSION = YES;
				CLANG_WARN_NON_LITERAL_NULL_CONVERSION = YES;
				CLANG_WARN_OBJC_IMPLICIT_RETAIN_SELF = YES;
				CLANG_WARN_OBJC_LITERAL_CONVERSION = YES;
				CLANG_WARN_OBJC_ROOT_CLASS = YES_ERROR;
				CLANG_WARN_QUOTED_INCLUDE_IN_FRAMEWORK_HEADER = YES;
				CLANG_WARN_RANGE_LOOP_ANALYSIS = YES;
				CLANG_WARN_STRICT_PROTOTYPES = YES;
				CLANG_WARN_SUSPICIOUS_MOVE = YES;
				CLANG_WARN_UNGUARDED_AVAILABILITY = YES_AGGRESSIVE;
				CLANG_WARN_UNREACHABLE_CODE = YES;
				CLANG_WARN__DUPLICATE_METHOD_MATCH = YES;
				COPY_PHASE_STRIP = NO;
				DEBUG_INFORMATION_FORMAT = dwarf;
				ENABLE_STRICT_OBJC_MSGSEND = YES;
				ENABLE_TESTABILITY = YES;
				GCC_C_LANGUAGE_STANDARD = gnu11;
				GCC_DYNAMIC_NO_PIC = NO;
				GCC_NO_COMMON_BLOCKS = YES;
				GCC_OPTIMIZATION_LEVEL = 0;
				GCC_PREPROCESSOR_DEFINITIONS = (
					"DEBUG=1",
					"$(inherited)",
				);
				GCC_WARN_64_TO_32_BIT_CONVERSION = YES;
				GCC_WARN_ABOUT_RETURN_TYPE = YES_ERROR;
				GCC_WARN_UNDECLARED_SELECTOR = YES;
				GCC_WARN_UNINITIALIZED_AUTOS = YES_AGGRESSIVE;
				GCC_WARN_UNUSED_FUNCTION = YES;
				GCC_WARN_UNUSED_VARIABLE = YES;
				IPHONEOS_DEPLOYMENT_TARGET = 16.2;
				MTL_ENABLE_DEBUG_INFO = INCLUDE_SOURCE;
				MTL_FAST_MATH = YES;
				ONLY_ACTIVE_ARCH = YES;
				SDKROOT = iphoneos;
				SWIFT_ACTIVE_COMPILATION_CONDITIONS = DEBUG;
				SWIFT_OPTIMIZATION_LEVEL = "-Onone";
			};
			name = Debug;
		};
		4F7BFCD829D1860600AB1000 /* Release */ = {
			isa = XCBuildConfiguration;
			buildSettings = {
				ALWAYS_SEARCH_USER_PATHS = NO;
				CLANG_ANALYZER_NONNULL = YES;
				CLANG_ANALYZER_NUMBER_OBJECT_CONVERSION = YES_AGGRESSIVE;
				CLANG_CXX_LANGUAGE_STANDARD = "gnu++20";
				CLANG_ENABLE_MODULES = YES;
				CLANG_ENABLE_OBJC_ARC = YES;
				CLANG_ENABLE_OBJC_WEAK = YES;
				CLANG_WARN_BLOCK_CAPTURE_AUTORELEASING = YES;
				CLANG_WARN_BOOL_CONVERSION = YES;
				CLANG_WARN_COMMA = YES;
				CLANG_WARN_CONSTANT_CONVERSION = YES;
				CLANG_WARN_DEPRECATED_OBJC_IMPLEMENTATIONS = YES;
				CLANG_WARN_DIRECT_OBJC_ISA_USAGE = YES_ERROR;
				CLANG_WARN_DOCUMENTATION_COMMENTS = YES;
				CLANG_WARN_EMPTY_BODY = YES;
				CLANG_WARN_ENUM_CONVERSION = YES;
				CLANG_WARN_INFINITE_RECURSION = YES;
				CLANG_WARN_INT_CONVERSION = YES;
				CLANG_WARN_NON_LITERAL_NULL_CONVERSION = YES;
				CLANG_WARN_OBJC_IMPLICIT_RETAIN_SELF = YES;
				CLANG_WARN_OBJC_LITERAL_CONVERSION = YES;
				CLANG_WARN_OBJC_ROOT_CLASS = YES_ERROR;
				CLANG_WARN_QUOTED_INCLUDE_IN_FRAMEWORK_HEADER = YES;
				CLANG_WARN_RANGE_LOOP_ANALYSIS = YES;
				CLANG_WARN_STRICT_PROTOTYPES = YES;
				CLANG_WARN_SUSPICIOUS_MOVE = YES;
				CLANG_WARN_UNGUARDED_AVAILABILITY = YES_AGGRESSIVE;
				CLANG_WARN_UNREACHABLE_CODE = YES;
				CLANG_WARN__DUPLICATE_METHOD_MATCH = YES;
				COPY_PHASE_STRIP = NO;
				DEBUG_INFORMATION_FORMAT = "dwarf-with-dsym";
				ENABLE_NS_ASSERTIONS = NO;
				ENABLE_STRICT_OBJC_MSGSEND = YES;
				GCC_C_LANGUAGE_STANDARD = gnu11;
				GCC_NO_COMMON_BLOCKS = YES;
				GCC_WARN_64_TO_32_BIT_CONVERSION = YES;
				GCC_WARN_ABOUT_RETURN_TYPE = YES_ERROR;
				GCC_WARN_UNDECLARED_SELECTOR = YES;
				GCC_WARN_UNINITIALIZED_AUTOS = YES_AGGRESSIVE;
				GCC_WARN_UNUSED_FUNCTION = YES;
				GCC_WARN_UNUSED_VARIABLE = YES;
				IPHONEOS_DEPLOYMENT_TARGET = 16.2;
				MTL_ENABLE_DEBUG_INFO = NO;
				MTL_FAST_MATH = YES;
				SDKROOT = iphoneos;
				SWIFT_COMPILATION_MODE = wholemodule;
				SWIFT_OPTIMIZATION_LEVEL = "-O";
				VALIDATE_PRODUCT = YES;
			};
			name = Release;
		};
		4F7BFCDA29D1860600AB1000 /* Debug */ = {
			isa = XCBuildConfiguration;
			buildSettings = {
				ASSETCATALOG_COMPILER_APPICON_NAME = AppIcon;
				ASSETCATALOG_COMPILER_GLOBAL_ACCENT_COLOR_NAME = AccentColor;
				CODE_SIGN_STYLE = Automatic;
				CURRENT_PROJECT_VERSION = 1;
				DEVELOPMENT_TEAM = 7J855UGZA4;
				GENERATE_INFOPLIST_FILE = YES;
				INFOPLIST_FILE = DrawingApp/Info.plist;
				INFOPLIST_KEY_UIApplicationSupportsIndirectInputEvents = YES;
				INFOPLIST_KEY_UILaunchStoryboardName = LaunchScreen;
				INFOPLIST_KEY_UISupportedInterfaceOrientations = "UIInterfaceOrientationLandscapeLeft UIInterfaceOrientationLandscapeRight UIInterfaceOrientationPortrait";
				INFOPLIST_KEY_UISupportedInterfaceOrientations_iPad = "UIInterfaceOrientationLandscapeLeft UIInterfaceOrientationLandscapeRight";
				LD_RUNPATH_SEARCH_PATHS = (
					"$(inherited)",
					"@executable_path/Frameworks",
				);
				MARKETING_VERSION = 1.0;
				PRODUCT_BUNDLE_IDENTIFIER = "dev.noah-ios.DrawingApp";
				PRODUCT_NAME = "$(TARGET_NAME)";
				SUPPORTED_PLATFORMS = "iphoneos iphonesimulator";
				SUPPORTS_MACCATALYST = NO;
				SUPPORTS_MAC_DESIGNED_FOR_IPHONE_IPAD = NO;
				SWIFT_EMIT_LOC_STRINGS = YES;
				SWIFT_VERSION = 5.0;
				TARGETED_DEVICE_FAMILY = 2;
			};
			name = Debug;
		};
		4F7BFCDB29D1860600AB1000 /* Release */ = {
			isa = XCBuildConfiguration;
			buildSettings = {
				ASSETCATALOG_COMPILER_APPICON_NAME = AppIcon;
				ASSETCATALOG_COMPILER_GLOBAL_ACCENT_COLOR_NAME = AccentColor;
				CODE_SIGN_STYLE = Automatic;
				CURRENT_PROJECT_VERSION = 1;
				DEVELOPMENT_TEAM = 7J855UGZA4;
				GENERATE_INFOPLIST_FILE = YES;
				INFOPLIST_FILE = DrawingApp/Info.plist;
				INFOPLIST_KEY_UIApplicationSupportsIndirectInputEvents = YES;
				INFOPLIST_KEY_UILaunchStoryboardName = LaunchScreen;
				INFOPLIST_KEY_UISupportedInterfaceOrientations = "UIInterfaceOrientationLandscapeLeft UIInterfaceOrientationLandscapeRight UIInterfaceOrientationPortrait";
				INFOPLIST_KEY_UISupportedInterfaceOrientations_iPad = "UIInterfaceOrientationLandscapeLeft UIInterfaceOrientationLandscapeRight";
				LD_RUNPATH_SEARCH_PATHS = (
					"$(inherited)",
					"@executable_path/Frameworks",
				);
				MARKETING_VERSION = 1.0;
				PRODUCT_BUNDLE_IDENTIFIER = "dev.noah-ios.DrawingApp";
				PRODUCT_NAME = "$(TARGET_NAME)";
				SUPPORTED_PLATFORMS = "iphoneos iphonesimulator";
				SUPPORTS_MACCATALYST = NO;
				SUPPORTS_MAC_DESIGNED_FOR_IPHONE_IPAD = NO;
				SWIFT_EMIT_LOC_STRINGS = YES;
				SWIFT_VERSION = 5.0;
				TARGETED_DEVICE_FAMILY = 2;
			};
			name = Release;
		};
/* End XCBuildConfiguration section */

/* Begin XCConfigurationList section */
		4F7BFCC029D1860300AB1000 /* Build configuration list for PBXProject "DrawingApp" */ = {
			isa = XCConfigurationList;
			buildConfigurations = (
				4F7BFCD729D1860600AB1000 /* Debug */,
				4F7BFCD829D1860600AB1000 /* Release */,
			);
			defaultConfigurationIsVisible = 0;
			defaultConfigurationName = Release;
		};
		4F7BFCD929D1860600AB1000 /* Build configuration list for PBXNativeTarget "DrawingApp" */ = {
			isa = XCConfigurationList;
			buildConfigurations = (
				4F7BFCDA29D1860600AB1000 /* Debug */,
				4F7BFCDB29D1860600AB1000 /* Release */,
			);
			defaultConfigurationIsVisible = 0;
			defaultConfigurationName = Release;
		};
/* End XCConfigurationList section */
	};
	rootObject = 4F7BFCBD29D1860300AB1000 /* Project object */;
}
